
Microsoft Visual Studio Solution File, Format Version 12.00
# Visual Studio Version 17
VisualStudioVersion = 17.12.35527.113 d17.12
MinimumVisualStudioVersion = 10.0.40219.1
Project("{FAE04EC0-301F-11D3-BF4B-00C04F79EFBC}") = "FileWrite", "FileWrite\FileWrite.csproj", "{E74F9878-E706-4D05-8862-E626EC89CC11}"
EndProject
Global
	GlobalSection(SolutionConfigurationPlatforms) = preSolution
		Debug|Any CPU = Debug|Any CPU
		Release|Any CPU = Release|Any CPU
	EndGlobalSection
	GlobalSection(ProjectConfigurationPlatforms) = postSolution
		{E74F9878-E706-4D05-8862-E626EC89CC11}.Debug|Any CPU.ActiveCfg = Debug|Any CPU
		{E74F9878-E706-4D05-8862-E626EC89CC11}.Debug|Any CPU.Build.0 = Debug|Any CPU
		{E74F9878-E706-4D05-8862-E626EC89CC11}.Release|Any CPU.ActiveCfg = Release|Any CPU
		{E74F9878-E706-4D05-8862-E626EC89CC11}.Release|Any CPU.Build.0 = Release|Any CPU
	EndGlobalSection
	GlobalSection(SolutionProperties) = preSolution
		HideSolutionNode = FALSE
	EndGlobalSection
EndGlobal
